{
  "name": "tapbomb",
  "version": "1.0.0",
  "lockfileVersion": 3,
  "requires": true,
  "packages": {
    "": {
      "name": "tapbomb",
      "version": "1.0.0",
      "devDependencies": {
        "@figma/rest-api-spec": "^0.36.0"
      },
      "engines": {
        "node": ">=18"
      }
    },
    "node_modules/@figma/rest-api-spec": {
      "version": "0.36.0",
      "resolved": "https://registry.npmjs.org/@figma/rest-api-spec/-/rest-api-spec-0.36.0.tgz",
      "integrity": "sha512-OyAjMF3ON2k6aVm61H4MrjSNwJ9Q4w2tYGa6qoUG6tVaNk9eMe/JcCKKYgLPfR9PKfKyoxV/xwn9/HBW3C3bKQ==",
      "dev": true,
      "license": "MIT License"
    }
  }
}
